// !$*UTF8*$!
{
	archiveVersion = 1;
	classes = {
	};
	objectVersion = 50;
	objects = {

/* Begin PBXBuildFile section */
		DDC9225926BBD9D000CA1A54 /* MacMenuApp.swift in Sources */ = {isa = PBXBuildFile; fileRef = DDC9224626BBD9CE00CA1A54 /* MacMenuApp.swift */; };
		DDC9225A26BBD9D000CA1A54 /* MacMenuApp.swift in Sources */ = {isa = PBXBuildFile; fileRef = DDC9224626BBD9CE00CA1A54 /* MacMenuApp.swift */; };
		DDC9225B26BBD9D000CA1A54 /* ContentView.swift in Sources */ = {isa = PBXBuildFile; fileRef = DDC9224726BBD9CE00CA1A54 /* ContentView.swift */; };
		DDC9225C26BBD9D000CA1A54 /* ContentView.swift in Sources */ = {isa = PBXBuildFile; fileRef = DDC9224726BBD9CE00CA1A54 /* ContentView.swift */; };
		DDC9225D26BBD9D000CA1A54 /* Assets.xcassets in Resources */ = {isa = PBXBuildFile; fileRef = DDC9224826BBD9D000CA1A54 /* Assets.xcassets */; };
		DDC9225E26BBD9D000CA1A54 /* Assets.xcassets in Resources */ = {isa = PBXBuildFile; fileRef = DDC9224826BBD9D000CA1A54 /* Assets.xcassets */; };
/* End PBXBuildFile section */

/* Begin PBXFileReference section */
		DDC9224626BBD9CE00CA1A54 /* MacMenuApp.swift */ = {isa = PBXFileReference; lastKnownFileType = sourcecode.swift; path = MacMenuApp.swift; sourceTree = "<group>"; };
		DDC9224726BBD9CE00CA1A54 /* ContentView.swift */ = {isa = PBXFileReference; lastKnownFileType = sourcecode.swift; path = ContentView.swift; sourceTree = "<group>"; };
		DDC9224826BBD9D000CA1A54 /* Assets.xcassets */ = {isa = PBXFileReference; lastKnownFileType = folder.assetcatalog; path = Assets.xcassets; sourceTree = "<group>"; };
		DDC9224D26BBD9D000CA1A54 /* MacMenu.app */ = {isa = PBXFileReference; explicitFileType = wrapper.application; includeInIndex = 0; path = MacMenu.app; sourceTree = BUILT_PRODUCTS_DIR; };
		DDC9225026BBD9D000CA1A54 /* Info.plist */ = {isa = PBXFileReference; lastKnownFileType = text.plist.xml; path = Info.plist; sourceTree = "<group>"; };
		DDC9225526BBD9D000CA1A54 /* MacMenu.app */ = {isa = PBXFileReference; explicitFileType = wrapper.application; includeInIndex = 0; path = MacMenu.app; sourceTree = BUILT_PRODUCTS_DIR; };
		DDC9225726BBD9D000CA1A54 /* Info.plist */ = {isa = PBXFileReference; lastKnownFileType = text.plist.xml; path = Info.plist; sourceTree = "<group>"; };
		DDC9225826BBD9D000CA1A54 /* macOS.entitlements */ = {isa = PBXFileReference; lastKnownFileType = text.plist.entitlements; path = macOS.entitlements; sourceTree = "<group>"; };
/* End PBXFileReference section */

/* Begin PBXFrameworksBuildPhase section */
		DDC9224A26BBD9D000CA1A54 /* Frameworks */ = {
			isa = PBXFrameworksBuildPhase;
			buildActionMask = 2147483647;
			files = (
			);
			runOnlyForDeploymentPostprocessing = 0;
		};
		DDC9225226BBD9D000CA1A54 /* Frameworks */ = {
			isa = PBXFrameworksBuildPhase;
			buildActionMask = 2147483647;
			files = (
			);
			runOnlyForDeploymentPostprocessing = 0;
		};
/* End PBXFrameworksBuildPhase section */

/* Begin PBXGroup section */
		DDC9224026BBD9CE00CA1A54 = {
			isa = PBXGroup;
			children = (
				DDC9224526BBD9CE00CA1A54 /* Shared */,
				DDC9224F26BBD9D000CA1A54 /* iOS */,
				DDC9225626BBD9D000CA1A54 /* macOS */,
				DDC9224E26BBD9D000CA1A54 /* Products */,
			);
			sourceTree = "<group>";
		};
		DDC9224526BBD9CE00CA1A54 /* Shared */ = {
			isa = PBXGroup;
			children = (
				DDC9224626BBD9CE00CA1A54 /* MacMenuApp.swift */,
				DDC9224726BBD9CE00CA1A54 /* ContentView.swift */,
				DDC9224826BBD9D000CA1A54 /* Assets.xcassets */,
			);
			path = Shared;
			sourceTree = "<group>";
		};
		DDC9224E26BBD9D000CA1A54 /* Products */ = {
			isa = PBXGroup;
			children = (
				DDC9224D26BBD9D000CA1A54 /* MacMenu.app */,
				DDC9225526BBD9D000CA1A54 /* MacMenu.app */,
			);
			name = Products;
			sourceTree = "<group>";
		};
		DDC9224F26BBD9D000CA1A54 /* iOS */ = {
			isa = PBXGroup;
			children = (
				DDC9225026BBD9D000CA1A54 /* Info.plist */,
			);
			path = iOS;
			sourceTree = "<group>";
		};
		DDC9225626BBD9D000CA1A54 /* macOS */ = {
			isa = PBXGroup;
			children = (
				DDC9225726BBD9D000CA1A54 /* Info.plist */,
				DDC9225826BBD9D000CA1A54 /* macOS.entitlements */,
			);
			path = macOS;
			sourceTree = "<group>";
		};
/* End PBXGroup section */

/* Begin PBXNativeTarget section */
		DDC9224C26BBD9D000CA1A54 /* MacMenu (iOS) */ = {
			isa = PBXNativeTarget;
			buildConfigurationList = DDC9226126BBD9D000CA1A54 /* Build configuration list for PBXNativeTarget "MacMenu (iOS)" */;
			buildPhases = (
				DDC9224926BBD9D000CA1A54 /* Sources */,
				DDC9224A26BBD9D000CA1A54 /* Frameworks */,
				DDC9224B26BBD9D000CA1A54 /* Resources */,
			);
			buildRules = (
			);
			dependencies = (
			);
			name = "MacMenu (iOS)";
			productName = "MacMenu (iOS)";
			productReference = DDC9224D26BBD9D000CA1A54 /* MacMenu.app */;
			productType = "com.apple.product-type.application";
		};
		DDC9225426BBD9D000CA1A54 /* MacMenu (macOS) */ = {
			isa = PBXNativeTarget;
			buildConfigurationList = DDC9226426BBD9D000CA1A54 /* Build configuration list for PBXNativeTarget "MacMenu (macOS)" */;
			buildPhases = (
				DDC9225126BBD9D000CA1A54 /* Sources */,
				DDC9225226BBD9D000CA1A54 /* Frameworks */,
				DDC9225326BBD9D000CA1A54 /* Resources */,
			);
			buildRules = (
			);
			dependencies = (
			);
			name = "MacMenu (macOS)";
			productName = "MacMenu (macOS)";
			productReference = DDC9225526BBD9D000CA1A54 /* MacMenu.app */;
			productType = "com.apple.product-type.application";
		};
/* End PBXNativeTarget section */

/* Begin PBXProject section */
		DDC9224126BBD9CE00CA1A54 /* Project object */ = {
			isa = PBXProject;
			attributes = {
				LastSwiftUpdateCheck = 1250;
				LastUpgradeCheck = 1250;
				TargetAttributes = {
					DDC9224C26BBD9D000CA1A54 = {
						CreatedOnToolsVersion = 12.5.1;
					};
					DDC9225426BBD9D000CA1A54 = {
						CreatedOnToolsVersion = 12.5.1;
					};
				};
			};
			buildConfigurationList = DDC9224426BBD9CE00CA1A54 /* Build configuration list for PBXProject "MacMenu" */;
			compatibilityVersion = "Xcode 9.3";
			developmentRegion = en;
			hasScannedForEncodings = 0;
			knownRegions = (
				en,
				Base,
			);
			mainGroup = DDC9224026BBD9CE00CA1A54;
			productRefGroup = DDC9224E26BBD9D000CA1A54 /* Products */;
			projectDirPath = "";
			projectRoot = "";
			targets = (
				DDC9224C26BBD9D000CA1A54 /* MacMenu (iOS) */,
				DDC9225426BBD9D000CA1A54 /* MacMenu (macOS) */,
			);
		};
/* End PBXProject section */

/* Begin PBXResourcesBuildPhase section */
		DDC9224B26BBD9D000CA1A54 /* Resources */ = {
			isa = PBXResourcesBuildPhase;
			buildActionMask = 2147483647;
			files = (
				DDC9225D26BBD9D000CA1A54 /* Assets.xcassets in Resources */,
			);
			runOnlyForDeploymentPostprocessing = 0;
		};
		DDC9225326BBD9D000CA1A54 /* Resources */ = {
			isa = PBXResourcesBuildPhase;
			buildActionMask = 2147483647;
			files = (
				DDC9225E26BBD9D000CA1A54 /* Assets.xcassets in Resources */,
			);
			runOnlyForDeploymentPostprocessing = 0;
		};
/* End PBXResourcesBuildPhase section */

/* Begin PBXSourcesBuildPhase section */
		DDC9224926BBD9D000CA1A54 /* Sources */ = {
			isa = PBXSourcesBuildPhase;
			buildActionMask = 2147483647;
			files = (
				DDC9225B26BBD9D000CA1A54 /* ContentView.swift in Sources */,
				DDC9225926BBD9D000CA1A54 /* MacMenuApp.swift in Sources */,
			);
			runOnlyForDeploymentPostprocessing = 0;
		};
		DDC9225126BBD9D000CA1A54 /* Sources */ = {
			isa = PBXSourcesBuildPhase;
			buildActionMask = 2147483647;
			files = (
				DDC9225C26BBD9D000CA1A54 /* ContentView.swift in Sources */,
				DDC9225A26BBD9D000CA1A54 /* MacMenuApp.swift in Sources */,
			);
			runOnlyForDeploymentPostprocessing = 0;
		};
/* End PBXSourcesBuildPhase section */

/* Begin XCBuildConfiguration section */
		DDC9225F26BBD9D000CA1A54 /* Debug */ = {
			isa = XCBuildConfiguration;
			buildSettings = {
				ALWAYS_SEARCH_USER_PATHS = NO;
				CLANG_ANALYZER_NONNULL = YES;
				CLANG_ANALYZER_NUMBER_OBJECT_CONVERSION = YES_AGGRESSIVE;
				CLANG_CXX_LANGUAGE_STANDARD = "gnu++14";
				CLANG_CXX_LIBRARY = "libc++";
				CLANG_ENABLE_MODULES = YES;
				CLANG_ENABLE_OBJC_ARC = YES;
				CLANG_ENABLE_OBJC_WEAK = YES;
				CLANG_WARN_BLOCK_CAPTURE_AUTORELEASING = YES;
				CLANG_WARN_BOOL_CONVERSION = YES;
				CLANG_WARN_COMMA = YES;
				CLANG_WARN_CONSTANT_CONVERSION = YES;
				CLANG_WARN_DEPRECATED_OBJC_IMPLEMENTATIONS = YES;
				CLANG_WARN_DIRECT_OBJC_ISA_USAGE = YES_ERROR;
				CLANG_WARN_DOCUMENTATION_COMMENTS = YES;
				CLANG_WARN_EMPTY_BODY = YES;
				CLANG_WARN_ENUM_CONVERSION = YES;
				CLANG_WARN_INFINITE_RECURSION = YES;
				CLANG_WARN_INT_CONVERSION = YES;
				CLANG_WARN_NON_LITERAL_NULL_CONVERSION = YES;
				CLANG_WARN_OBJC_IMPLICIT_RETAIN_SELF = YES;
				CLANG_WARN_OBJC_LITERAL_CONVERSION = YES;
				CLANG_WARN_OBJC_ROOT_CLASS = YES_ERROR;
				CLANG_WARN_QUOTED_INCLUDE_IN_FRAMEWORK_HEADER = YES;
				CLANG_WARN_RANGE_LOOP_ANALYSIS = YES;
				CLANG_WARN_STRICT_PROTOTYPES = YES;
				CLANG_WARN_SUSPICIOUS_MOVE = YES;
				CLANG_WARN_UNGUARDED_AVAILABILITY = YES_AGGRESSIVE;
				CLANG_WARN_UNREACHABLE_CODE = YES;
				CLANG_WARN__DUPLICATE_METHOD_MATCH = YES;
				COPY_PHASE_STRIP = NO;
				DEBUG_INFORMATION_FORMAT = dwarf;
				ENABLE_STRICT_OBJC_MSGSEND = YES;
				ENABLE_TESTABILITY = YES;
				GCC_C_LANGUAGE_STANDARD = gnu11;
				GCC_DYNAMIC_NO_PIC = NO;
				GCC_NO_COMMON_BLOCKS = YES;
				GCC_OPTIMIZATION_LEVEL = 0;
				GCC_PREPROCESSOR_DEFINITIONS = (
					"DEBUG=1",
					"$(inherited)",
				);
				GCC_WARN_64_TO_32_BIT_CONVERSION = YES;
				GCC_WARN_ABOUT_RETURN_TYPE = YES_ERROR;
				GCC_WARN_UNDECLARED_SELECTOR = YES;
				GCC_WARN_UNINITIALIZED_AUTOS = YES_AGGRESSIVE;
				GCC_WARN_UNUSED_FUNCTION = YES;
				GCC_WARN_UNUSED_VARIABLE = YES;
				MTL_ENABLE_DEBUG_INFO = INCLUDE_SOURCE;
				MTL_FAST_MATH = YES;
				ONLY_ACTIVE_ARCH = YES;
				SWIFT_ACTIVE_COMPILATION_CONDITIONS = DEBUG;
				SWIFT_OPTIMIZATION_LEVEL = "-Onone";
			};
			name = Debug;
		};
		DDC9226026BBD9D000CA1A54 /* Release */ = {
			isa = XCBuildConfiguration;
			buildSettings = {
				ALWAYS_SEARCH_USER_PATHS = NO;
				CLANG_ANALYZER_NONNULL = YES;
				CLANG_ANALYZER_NUMBER_OBJECT_CONVERSION = YES_AGGRESSIVE;
				CLANG_CXX_LANGUAGE_STANDARD = "gnu++14";
				CLANG_CXX_LIBRARY = "libc++";
				CLANG_ENABLE_MODULES = YES;
				CLANG_ENABLE_OBJC_ARC = YES;
				CLANG_ENABLE_OBJC_WEAK = YES;
				CLANG_WARN_BLOCK_CAPTURE_AUTORELEASING = YES;
				CLANG_WARN_BOOL_CONVERSION = YES;
				CLANG_WARN_COMMA = YES;
				CLANG_WARN_CONSTANT_CONVERSION = YES;
				CLANG_WARN_DEPRECATED_OBJC_IMPLEMENTATIONS = YES;
				CLANG_WARN_DIRECT_OBJC_ISA_USAGE = YES_ERROR;
				CLANG_WARN_DOCUMENTATION_COMMENTS = YES;
				CLANG_WARN_EMPTY_BODY = YES;
				CLANG_WARN_ENUM_CONVERSION = YES;
				CLANG_WARN_INFINITE_RECURSION = YES;
				CLANG_WARN_INT_CONVERSION = YES;
				CLANG_WARN_NON_LITERAL_NULL_CONVERSION = YES;
				CLANG_WARN_OBJC_IMPLICIT_RETAIN_SELF = YES;
				CLANG_WARN_OBJC_LITERAL_CONVERSION = YES;
				CLANG_WARN_OBJC_ROOT_CLASS = YES_ERROR;
				CLANG_WARN_QUOTED_INCLUDE_IN_FRAMEWORK_HEADER = YES;
				CLANG_WARN_RANGE_LOOP_ANALYSIS = YES;
				CLANG_WARN_STRICT_PROTOTYPES = YES;
				CLANG_WARN_SUSPICIOUS_MOVE = YES;
				CLANG_WARN_UNGUARDED_AVAILABILITY = YES_AGGRESSIVE;
				CLANG_WARN_UNREACHABLE_CODE = YES;
				CLANG_WARN__DUPLICATE_METHOD_MATCH = YES;
				COPY_PHASE_STRIP = NO;
				DEBUG_INFORMATION_FORMAT = "dwarf-with-dsym";
				ENABLE_NS_ASSERTIONS = NO;
				ENABLE_STRICT_OBJC_MSGSEND = YES;
				GCC_C_LANGUAGE_STANDARD = gnu11;
				GCC_NO_COMMON_BLOCKS = YES;
				GCC_WARN_64_TO_32_BIT_CONVERSION = YES;
				GCC_WARN_ABOUT_RETURN_TYPE = YES_ERROR;
				GCC_WARN_UNDECLARED_SELECTOR = YES;
				GCC_WARN_UNINITIALIZED_AUTOS = YES_AGGRESSIVE;
				GCC_WARN_UNUSED_FUNCTION = YES;
				GCC_WARN_UNUSED_VARIABLE = YES;
				MTL_ENABLE_DEBUG_INFO = NO;
				MTL_FAST_MATH = YES;
				SWIFT_COMPILATION_MODE = wholemodule;
				SWIFT_OPTIMIZATION_LEVEL = "-O";
			};
			name = Release;
		};
		DDC9226226BBD9D000CA1A54 /* Debug */ = {
			isa = XCBuildConfiguration;
			buildSettings = {
				ASSETCATALOG_COMPILER_APPICON_NAME = AppIcon;
				ASSETCATALOG_COMPILER_GLOBAL_ACCENT_COLOR_NAME = AccentColor;
				CODE_SIGN_STYLE = Automatic;
				ENABLE_PREVIEWS = YES;
				INFOPLIST_FILE = iOS/Info.plist;
				IPHONEOS_DEPLOYMENT_TARGET = 14.0;
				LD_RUNPATH_SEARCH_PATHS = (
					"$(inherited)",
					"@executable_path/Frameworks",
				);
				PRODUCT_BUNDLE_IDENTIFIER = com.amunga.MacMenu;
				PRODUCT_NAME = MacMenu;
				SDKROOT = iphoneos;
				SWIFT_VERSION = 5.0;
				TARGETED_DEVICE_FAMILY = "1,2";
			};
			name = Debug;
		};
		DDC9226326BBD9D000CA1A54 /* Release */ = {
			isa = XCBuildConfiguration;
			buildSettings = {
				ASSETCATALOG_COMPILER_APPICON_NAME = AppIcon;
				ASSETCATALOG_COMPILER_GLOBAL_ACCENT_COLOR_NAME = AccentColor;
				CODE_SIGN_STYLE = Automatic;
				ENABLE_PREVIEWS = YES;
				INFOPLIST_FILE = iOS/Info.plist;
				IPHONEOS_DEPLOYMENT_TARGET = 14.0;
				LD_RUNPATH_SEARCH_PATHS = (
					"$(inherited)",
					"@executable_path/Frameworks",
				);
				PRODUCT_BUNDLE_IDENTIFIER = com.amunga.MacMenu;
				PRODUCT_NAME = MacMenu;
				SDKROOT = iphoneos;
				SWIFT_VERSION = 5.0;
				TARGETED_DEVICE_FAMILY = "1,2";
				VALIDATE_PRODUCT = YES;
			};
			name = Release;
		};
		DDC9226526BBD9D000CA1A54 /* Debug */ = {
			isa = XCBuildConfiguration;
			buildSettings = {
				ASSETCATALOG_COMPILER_APPICON_NAME = AppIcon;
				ASSETCATALOG_COMPILER_GLOBAL_ACCENT_COLOR_NAME = AccentColor;
				CODE_SIGN_ENTITLEMENTS = macOS/macOS.entitlements;
				CODE_SIGN_STYLE = Automatic;
				COMBINE_HIDPI_IMAGES = YES;
				ENABLE_PREVIEWS = YES;
				INFOPLIST_FILE = macOS/Info.plist;
				LD_RUNPATH_SEARCH_PATHS = (
					"$(inherited)",
					"@executable_path/../Frameworks",
				);
				MACOSX_DEPLOYMENT_TARGET = 11.0;
				PRODUCT_BUNDLE_IDENTIFIER = com.amunga.MacMenu;
				PRODUCT_NAME = MacMenu;
				SDKROOT = macosx;
				SWIFT_VERSION = 5.0;
			};
			name = Debug;
		};
		DDC9226626BBD9D000CA1A54 /* Release */ = {
			isa = XCBuildConfiguration;
			buildSettings = {
				ASSETCATALOG_COMPILER_APPICON_NAME = AppIcon;
				ASSETCATALOG_COMPILER_GLOBAL_ACCENT_COLOR_NAME = AccentColor;
				CODE_SIGN_ENTITLEMENTS = macOS/macOS.entitlements;
				CODE_SIGN_STYLE = Automatic;
				COMBINE_HIDPI_IMAGES = YES;
				ENABLE_PREVIEWS = YES;
				INFOPLIST_FILE = macOS/Info.plist;
				LD_RUNPATH_SEARCH_PATHS = (
					"$(inherited)",
					"@executable_path/../Frameworks",
				);
				MACOSX_DEPLOYMENT_TARGET = 11.0;
				PRODUCT_BUNDLE_IDENTIFIER = com.amunga.MacMenu;
				PRODUCT_NAME = MacMenu;
				SDKROOT = macosx;
				SWIFT_VERSION = 5.0;
			};
			name = Release;
		};
/* End XCBuildConfiguration section */

/* Begin XCConfigurationList section */
		DDC9224426BBD9CE00CA1A54 /* Build configuration list for PBXProject "MacMenu" */ = {
			isa = XCConfigurationList;
			buildConfigurations = (
				DDC9225F26BBD9D000CA1A54 /* Debug */,
				DDC9226026BBD9D000CA1A54 /* Release */,
			);
			defaultConfigurationIsVisible = 0;
			defaultConfigurationName = Release;
		};
		DDC9226126BBD9D000CA1A54 /* Build configuration list for PBXNativeTarget "MacMenu (iOS)" */ = {
			isa = XCConfigurationList;
			buildConfigurations = (
				DDC9226226BBD9D000CA1A54 /* Debug */,
				DDC9226326BBD9D000CA1A54 /* Release */,
			);
			defaultConfigurationIsVisible = 0;
			defaultConfigurationName = Release;
		};
		DDC9226426BBD9D000CA1A54 /* Build configuration list for PBXNativeTarget "MacMenu (macOS)" */ = {
			isa = XCConfigurationList;
			buildConfigurations = (
				DDC9226526BBD9D000CA1A54 /* Debug */,
				DDC9226626BBD9D000CA1A54 /* Release */,
			);
			defaultConfigurationIsVisible = 0;
			defaultConfigurationName = Release;
		};
/* End XCConfigurationList section */
	};
	rootObject = DDC9224126BBD9CE00CA1A54 /* Project object */;
}
